
Microsoft Visual Studio Solution File, Format Version 12.00
# Visual Studio Version 17
VisualStudioVersion = 17.3.32922.545
MinimumVisualStudioVersion = 10.0.40219.1
Project("{FAE04EC0-301F-11D3-BF4B-00C04F79EFBC}") = "RSA", "RSA.csproj", "{463C07C3-C2F8-4AA9-8333-B3AD13340946}"
EndProject
Global
	GlobalSection(SolutionConfigurationPlatforms) = preSolution
		Debug|Any CPU = Debug|Any CPU
		Release|Any CPU = Release|Any CPU
	EndGlobalSection
	GlobalSection(ProjectConfigurationPlatforms) = postSolution
		{463C07C3-C2F8-4AA9-8333-B3AD13340946}.Debug|Any CPU.ActiveCfg = Debug|Any CPU
		{463C07C3-C2F8-4AA9-8333-B3AD13340946}.Debug|Any CPU.Build.0 = Debug|Any CPU
		{463C07C3-C2F8-4AA9-8333-B3AD13340946}.Release|Any CPU.ActiveCfg = Release|Any CPU
		{463C07C3-C2F8-4AA9-8333-B3AD13340946}.Release|Any CPU.Build.0 = Release|Any CPU
	EndGlobalSection
	GlobalSection(SolutionProperties) = preSolution
		HideSolutionNode = FALSE
	EndGlobalSection
	GlobalSection(ExtensibilityGlobals) = postSolution
		SolutionGuid = {205FF6CC-AAF0-47F0-8DCF-2EFB3F6DC7A8}
	EndGlobalSection
EndGlobal
